PODS:
  - Masonry (1.1.0)
  - WGDigitField (1.0.1):
    - Masonry

DEPENDENCIES:
  - WGDigitField (from `../`)

SPEC REPOS:
  https://github.com/cocoapods/specs.git:
    - Masonry

EXTERNAL SOURCES:
  WGDigitField:
    :path: "../"

SPEC CHECKSUMS:
  Masonry: 678fab65091a9290e40e2832a55e7ab731aad201
  WGDigitField: 9ae6cec1362bb57a9e288928f3d4a9036a3a89e5

PODFILE CHECKSUM: d9d38e83fc64a459f52407eb918ad11e96b1ef0b

COCOAPODS: 1.5.3
